
Microsoft Visual Studio Solution File, Format Version 12.00
# Visual Studio 14
VisualStudioVersion = 14.0.23107.0
MinimumVisualStudioVersion = 10.0.40219.1
Project("{D954291E-2A0B-460D-934E-DC6B0785DB48}") = "Sexy.Emit", "Sexy.Emit\Sexy.Emit.shproj", "{B30CB7CE-B056-4068-AB69-9BF4C51D2B22}"
EndProject
Global
	GlobalSection(SharedMSBuildProjectFiles) = preSolution
		Sexy.Emit\Sexy.Emit.projitems*{b30cb7ce-b056-4068-ab69-9bf4c51d2b22}*SharedItemsImports = 13
	EndGlobalSection
	GlobalSection(SolutionProperties) = preSolution
		HideSolutionNode = FALSE
	EndGlobalSection
EndGlobal
